// !$*UTF8*$!
{
	archiveVersion = 1;
	classes = {
	};
	objectVersion = 46;
	objects = {

/* Begin PBXBuildFile section */
		11C1C40DD4D330BEC8518379 /* Pods_binding_of_isaac_databaseTests.framework in Frameworks */ = {isa = PBXBuildFile; fileRef = 34B8D305240D0443C3396A0F /* Pods_binding_of_isaac_databaseTests.framework */; };
		1618528E1E08DAF2004F6859 /* ItemCollectionViewCell.swift in Sources */ = {isa = PBXBuildFile; fileRef = 1618528D1E08DAF2004F6859 /* ItemCollectionViewCell.swift */; };
		162CDD0B1E136B3E00009505 /* MenuItem.swift in Sources */ = {isa = PBXBuildFile; fileRef = 162CDD0A1E136B3E00009505 /* MenuItem.swift */; };
		162CDD0D1E136BF200009505 /* MenuItemCollection.swift in Sources */ = {isa = PBXBuildFile; fileRef = 162CDD0C1E136BF200009505 /* MenuItemCollection.swift */; };
		163F1FA81E07371E005BCDA9 /* AppDelegate.swift in Sources */ = {isa = PBXBuildFile; fileRef = 163F1FA71E07371E005BCDA9 /* AppDelegate.swift */; };
		163F1FB21E07371E005BCDA9 /* LaunchScreen.storyboard in Resources */ = {isa = PBXBuildFile; fileRef = 163F1FB01E07371E005BCDA9 /* LaunchScreen.storyboard */; };
		163F1FBD1E07371E005BCDA9 /* binding_of_isaac_databaseTests.swift in Sources */ = {isa = PBXBuildFile; fileRef = 163F1FBC1E07371E005BCDA9 /* binding_of_isaac_databaseTests.swift */; };
		163F1FC81E07371E005BCDA9 /* binding_of_isaac_databaseUITests.swift in Sources */ = {isa = PBXBuildFile; fileRef = 163F1FC71E07371E005BCDA9 /* binding_of_isaac_databaseUITests.swift */; };
		1649836A1E09E324000DA36F /* ItemViewController.swift in Sources */ = {isa = PBXBuildFile; fileRef = 164983691E09E324000DA36F /* ItemViewController.swift */; };
		1649836F1E09E722000DA36F /* ItemModel.swift in Sources */ = {isa = PBXBuildFile; fileRef = 1649836E1E09E722000DA36F /* ItemModel.swift */; };
		16681CFA1E15D828000F8AF1 /* Rebirth Items.json in Resources */ = {isa = PBXBuildFile; fileRef = 16681CF91E15D828000F8AF1 /* Rebirth Items.json */; };
		166DB6EA1E1467290060FAE2 /* Stylesheet.swift in Sources */ = {isa = PBXBuildFile; fileRef = 166DB6E91E1467290060FAE2 /* Stylesheet.swift */; };
		167611931E0EEE410091AA04 /* Helpers.swift in Sources */ = {isa = PBXBuildFile; fileRef = 167611921E0EEE410091AA04 /* Helpers.swift */; };
		167611951E0F0F180091AA04 /* ItemDetailViewController.swift in Sources */ = {isa = PBXBuildFile; fileRef = 167611941E0F0F180091AA04 /* ItemDetailViewController.swift */; };
		1682D3B91E13111E00878BE6 /* MenuTableViewController.swift in Sources */ = {isa = PBXBuildFile; fileRef = 1682D3B81E13111E00878BE6 /* MenuTableViewController.swift */; };
		168730531E09E7FD003745E9 /* ItemCollection.swift in Sources */ = {isa = PBXBuildFile; fileRef = 168730521E09E7FD003745E9 /* ItemCollection.swift */; };
		168730551E09EEC4003745E9 /* DataSource.swift in Sources */ = {isa = PBXBuildFile; fileRef = 168730541E09EEC4003745E9 /* DataSource.swift */; };
		168AA22F1E0B482C0034B3F3 /* Main.storyboard in Resources */ = {isa = PBXBuildFile; fileRef = 168AA22E1E0B482C0034B3F3 /* Main.storyboard */; };
		16E252721E0B4ACC00108E27 /* ItemCollectionViewCell.xib in Resources */ = {isa = PBXBuildFile; fileRef = 16E252711E0B4ACC00108E27 /* ItemCollectionViewCell.xib */; };
		16E252751E0B4BC200108E27 /* CellInterface.swift in Sources */ = {isa = PBXBuildFile; fileRef = 16E252741E0B4BC200108E27 /* CellInterface.swift */; };
		16E252771E0B4C6800108E27 /* ItemListCollectionViewCell.swift in Sources */ = {isa = PBXBuildFile; fileRef = 16E252761E0B4C6800108E27 /* ItemListCollectionViewCell.swift */; };
		16E252791E0B4C7300108E27 /* ItemListCollectionViewCell.xib in Resources */ = {isa = PBXBuildFile; fileRef = 16E252781E0B4C7300108E27 /* ItemListCollectionViewCell.xib */; };
		16E2527C1E0B5E7600108E27 /* ListFlowLayout.swift in Sources */ = {isa = PBXBuildFile; fileRef = 16E2527B1E0B5E7600108E27 /* ListFlowLayout.swift */; };
		16E2527F1E0B5F2700108E27 /* LayoutMachine.swift in Sources */ = {isa = PBXBuildFile; fileRef = 16E2527E1E0B5F2700108E27 /* LayoutMachine.swift */; };
		16E252821E0B611300108E27 /* GridFlowLayout.swift in Sources */ = {isa = PBXBuildFile; fileRef = 16E252811E0B611300108E27 /* GridFlowLayout.swift */; };
		16FB4FD91E0EDFB400219B63 /* Assets.xcassets in Resources */ = {isa = PBXBuildFile; fileRef = 16FB4FD81E0EDFB400219B63 /* Assets.xcassets */; };
		57D5EEF9B123C5957F3A9300 /* Pods_binding_of_isaac_databaseUITests.framework in Frameworks */ = {isa = PBXBuildFile; fileRef = 2DDE24347B322D561C3564D0 /* Pods_binding_of_isaac_databaseUITests.framework */; };
		B9A0EA495399D118669E1A90 /* Pods_binding_of_isaac_database.framework in Frameworks */ = {isa = PBXBuildFile; fileRef = 888A3B4CA98A75FAD3CB492A /* Pods_binding_of_isaac_database.framework */; };
/* End PBXBuildFile section */

/* Begin PBXContainerItemProxy section */
		163F1FB91E07371E005BCDA9 /* PBXContainerItemProxy */ = {
			isa = PBXContainerItemProxy;
			containerPortal = 163F1F9C1E07371D005BCDA9 /* Project object */;
			proxyType = 1;
			remoteGlobalIDString = 163F1FA31E07371D005BCDA9;
			remoteInfo = "binding-of-isaac-database";
		};
		163F1FC41E07371E005BCDA9 /* PBXContainerItemProxy */ = {
			isa = PBXContainerItemProxy;
			containerPortal = 163F1F9C1E07371D005BCDA9 /* Project object */;
			proxyType = 1;
			remoteGlobalIDString = 163F1FA31E07371D005BCDA9;
			remoteInfo = "binding-of-isaac-database";
		};
/* End PBXContainerItemProxy section */

/* Begin PBXFileReference section */
		1618528D1E08DAF2004F6859 /* ItemCollectionViewCell.swift */ = {isa = PBXFileReference; fileEncoding = 4; lastKnownFileType = sourcecode.swift; path = ItemCollectionViewCell.swift; sourceTree = "<group>"; };
		162CDD0A1E136B3E00009505 /* MenuItem.swift */ = {isa = PBXFileReference; fileEncoding = 4; lastKnownFileType = sourcecode.swift; path = MenuItem.swift; sourceTree = "<group>"; };
		162CDD0C1E136BF200009505 /* MenuItemCollection.swift */ = {isa = PBXFileReference; fileEncoding = 4; lastKnownFileType = sourcecode.swift; path = MenuItemCollection.swift; sourceTree = "<group>"; };
		163F1FA41E07371E005BCDA9 /* binding-of-isaac-database.app */ = {isa = PBXFileReference; explicitFileType = wrapper.application; includeInIndex = 0; path = "binding-of-isaac-database.app"; sourceTree = BUILT_PRODUCTS_DIR; };
		163F1FA71E07371E005BCDA9 /* AppDelegate.swift */ = {isa = PBXFileReference; lastKnownFileType = sourcecode.swift; path = AppDelegate.swift; sourceTree = "<group>"; };
		163F1FB11E07371E005BCDA9 /* Base */ = {isa = PBXFileReference; lastKnownFileType = file.storyboard; name = Base; path = Base.lproj/LaunchScreen.storyboard; sourceTree = "<group>"; };
		163F1FB31E07371E005BCDA9 /* Info.plist */ = {isa = PBXFileReference; lastKnownFileType = text.plist.xml; path = Info.plist; sourceTree = "<group>"; };
		163F1FB81E07371E005BCDA9 /* binding-of-isaac-databaseTests.xctest */ = {isa = PBXFileReference; explicitFileType = wrapper.cfbundle; includeInIndex = 0; path = "binding-of-isaac-databaseTests.xctest"; sourceTree = BUILT_PRODUCTS_DIR; };
		163F1FBC1E07371E005BCDA9 /* binding_of_isaac_databaseTests.swift */ = {isa = PBXFileReference; lastKnownFileType = sourcecode.swift; path = binding_of_isaac_databaseTests.swift; sourceTree = "<group>"; };
		163F1FBE1E07371E005BCDA9 /* Info.plist */ = {isa = PBXFileReference; lastKnownFileType = text.plist.xml; path = Info.plist; sourceTree = "<group>"; };
		163F1FC31E07371E005BCDA9 /* binding-of-isaac-databaseUITests.xctest */ = {isa = PBXFileReference; explicitFileType = wrapper.cfbundle; includeInIndex = 0; path = "binding-of-isaac-databaseUITests.xctest"; sourceTree = BUILT_PRODUCTS_DIR; };
		163F1FC71E07371E005BCDA9 /* binding_of_isaac_databaseUITests.swift */ = {isa = PBXFileReference; lastKnownFileType = sourcecode.swift; path = binding_of_isaac_databaseUITests.swift; sourceTree = "<group>"; };
		163F1FC91E07371E005BCDA9 /* Info.plist */ = {isa = PBXFileReference; lastKnownFileType = text.plist.xml; path = Info.plist; sourceTree = "<group>"; };
		164983691E09E324000DA36F /* ItemViewController.swift */ = {isa = PBXFileReference; fileEncoding = 4; lastKnownFileType = sourcecode.swift; path = ItemViewController.swift; sourceTree = "<group>"; };
		1649836E1E09E722000DA36F /* ItemModel.swift */ = {isa = PBXFileReference; fileEncoding = 4; lastKnownFileType = sourcecode.swift; path = ItemModel.swift; sourceTree = "<group>"; };
		16681CF91E15D828000F8AF1 /* Rebirth Items.json */ = {isa = PBXFileReference; fileEncoding = 4; lastKnownFileType = text.json; path = "Rebirth Items.json"; sourceTree = "<group>"; };
		166DB6E91E1467290060FAE2 /* Stylesheet.swift */ = {isa = PBXFileReference; fileEncoding = 4; lastKnownFileType = sourcecode.swift; path = Stylesheet.swift; sourceTree = "<group>"; };
		167611921E0EEE410091AA04 /* Helpers.swift */ = {isa = PBXFileReference; fileEncoding = 4; lastKnownFileType = sourcecode.swift; path = Helpers.swift; sourceTree = "<group>"; };
		167611941E0F0F180091AA04 /* ItemDetailViewController.swift */ = {isa = PBXFileReference; fileEncoding = 4; lastKnownFileType = sourcecode.swift; path = ItemDetailViewController.swift; sourceTree = "<group>"; };
		1682D3B81E13111E00878BE6 /* MenuTableViewController.swift */ = {isa = PBXFileReference; fileEncoding = 4; lastKnownFileType = sourcecode.swift; path = MenuTableViewController.swift; sourceTree = "<group>"; };
		168730521E09E7FD003745E9 /* ItemCollection.swift */ = {isa = PBXFileReference; fileEncoding = 4; lastKnownFileType = sourcecode.swift; path = ItemCollection.swift; sourceTree = "<group>"; };
		168730541E09EEC4003745E9 /* DataSource.swift */ = {isa = PBXFileReference; fileEncoding = 4; lastKnownFileType = sourcecode.swift; path = DataSource.swift; sourceTree = "<group>"; };
		168AA22E1E0B482C0034B3F3 /* Main.storyboard */ = {isa = PBXFileReference; fileEncoding = 4; lastKnownFileType = file.storyboard; path = Main.storyboard; sourceTree = "<group>"; };
		16E252711E0B4ACC00108E27 /* ItemCollectionViewCell.xib */ = {isa = PBXFileReference; fileEncoding = 4; lastKnownFileType = file.xib; path = ItemCollectionViewCell.xib; sourceTree = "<group>"; };
		16E252741E0B4BC200108E27 /* CellInterface.swift */ = {isa = PBXFileReference; fileEncoding = 4; lastKnownFileType = sourcecode.swift; path = CellInterface.swift; sourceTree = "<group>"; };
		16E252761E0B4C6800108E27 /* ItemListCollectionViewCell.swift */ = {isa = PBXFileReference; fileEncoding = 4; lastKnownFileType = sourcecode.swift; path = ItemListCollectionViewCell.swift; sourceTree = "<group>"; };
		16E252781E0B4C7300108E27 /* ItemListCollectionViewCell.xib */ = {isa = PBXFileReference; fileEncoding = 4; lastKnownFileType = file.xib; path = ItemListCollectionViewCell.xib; sourceTree = "<group>"; };
		16E2527B1E0B5E7600108E27 /* ListFlowLayout.swift */ = {isa = PBXFileReference; fileEncoding = 4; lastKnownFileType = sourcecode.swift; path = ListFlowLayout.swift; sourceTree = "<group>"; };
		16E2527E1E0B5F2700108E27 /* LayoutMachine.swift */ = {isa = PBXFileReference; fileEncoding = 4; lastKnownFileType = sourcecode.swift; path = LayoutMachine.swift; sourceTree = "<group>"; };
		16E252811E0B611300108E27 /* GridFlowLayout.swift */ = {isa = PBXFileReference; fileEncoding = 4; lastKnownFileType = sourcecode.swift; path = GridFlowLayout.swift; sourceTree = "<group>"; };
		16FB4FD81E0EDFB400219B63 /* Assets.xcassets */ = {isa = PBXFileReference; lastKnownFileType = folder.assetcatalog; path = Assets.xcassets; sourceTree = "<group>"; };
		267A079E28E881318E657DEB /* Pods-binding-of-isaac-databaseTests.debug.xcconfig */ = {isa = PBXFileReference; includeInIndex = 1; lastKnownFileType = text.xcconfig; name = "Pods-binding-of-isaac-databaseTests.debug.xcconfig"; path = "Pods/Target Support Files/Pods-binding-of-isaac-databaseTests/Pods-binding-of-isaac-databaseTests.debug.xcconfig"; sourceTree = "<group>"; };
		2DDE24347B322D561C3564D0 /* Pods_binding_of_isaac_databaseUITests.framework */ = {isa = PBXFileReference; explicitFileType = wrapper.framework; includeInIndex = 0; path = Pods_binding_of_isaac_databaseUITests.framework; sourceTree = BUILT_PRODUCTS_DIR; };
		34B8D305240D0443C3396A0F /* Pods_binding_of_isaac_databaseTests.framework */ = {isa = PBXFileReference; explicitFileType = wrapper.framework; includeInIndex = 0; path = Pods_binding_of_isaac_databaseTests.framework; sourceTree = BUILT_PRODUCTS_DIR; };
		3E1B36335ABABCA78FDFA315 /* Pods-binding-of-isaac-database.release.xcconfig */ = {isa = PBXFileReference; includeInIndex = 1; lastKnownFileType = text.xcconfig; name = "Pods-binding-of-isaac-database.release.xcconfig"; path = "Pods/Target Support Files/Pods-binding-of-isaac-database/Pods-binding-of-isaac-database.release.xcconfig"; sourceTree = "<group>"; };
		5EA583A07AB4FFFB274AC532 /* Pods-binding-of-isaac-database.debug.xcconfig */ = {isa = PBXFileReference; includeInIndex = 1; lastKnownFileType = text.xcconfig; name = "Pods-binding-of-isaac-database.debug.xcconfig"; path = "Pods/Target Support Files/Pods-binding-of-isaac-database/Pods-binding-of-isaac-database.debug.xcconfig"; sourceTree = "<group>"; };
		888A3B4CA98A75FAD3CB492A /* Pods_binding_of_isaac_database.framework */ = {isa = PBXFileReference; explicitFileType = wrapper.framework; includeInIndex = 0; path = Pods_binding_of_isaac_database.framework; sourceTree = BUILT_PRODUCTS_DIR; };
		A9707E44F5880424B8EB9C1A /* Pods-binding-of-isaac-databaseUITests.debug.xcconfig */ = {isa = PBXFileReference; includeInIndex = 1; lastKnownFileType = text.xcconfig; name = "Pods-binding-of-isaac-databaseUITests.debug.xcconfig"; path = "Pods/Target Support Files/Pods-binding-of-isaac-databaseUITests/Pods-binding-of-isaac-databaseUITests.debug.xcconfig"; sourceTree = "<group>"; };
		ADDDFD978BFDC80E5AF60D55 /* Pods-binding-of-isaac-databaseUITests.release.xcconfig */ = {isa = PBXFileReference; includeInIndex = 1; lastKnownFileType = text.xcconfig; name = "Pods-binding-of-isaac-databaseUITests.release.xcconfig"; path = "Pods/Target Support Files/Pods-binding-of-isaac-databaseUITests/Pods-binding-of-isaac-databaseUITests.release.xcconfig"; sourceTree = "<group>"; };
		CF15A6BDE4561788A0D48963 /* Pods-binding-of-isaac-databaseTests.release.xcconfig */ = {isa = PBXFileReference; includeInIndex = 1; lastKnownFileType = text.xcconfig; name = "Pods-binding-of-isaac-databaseTests.release.xcconfig"; path = "Pods/Target Support Files/Pods-binding-of-isaac-databaseTests/Pods-binding-of-isaac-databaseTests.release.xcconfig"; sourceTree = "<group>"; };
/* End PBXFileReference section */

/* Begin PBXFrameworksBuildPhase section */
		163F1FA11E07371D005BCDA9 /* Frameworks */ = {
			isa = PBXFrameworksBuildPhase;
			buildActionMask = 2147483647;
			files = (
				B9A0EA495399D118669E1A90 /* Pods_binding_of_isaac_database.framework in Frameworks */,
			);
			runOnlyForDeploymentPostprocessing = 0;
		};
		163F1FB51E07371E005BCDA9 /* Frameworks */ = {
			isa = PBXFrameworksBuildPhase;
			buildActionMask = 2147483647;
			files = (
				11C1C40DD4D330BEC8518379 /* Pods_binding_of_isaac_databaseTests.framework in Frameworks */,
			);
			runOnlyForDeploymentPostprocessing = 0;
		};
		163F1FC01E07371E005BCDA9 /* Frameworks */ = {
			isa = PBXFrameworksBuildPhase;
			buildActionMask = 2147483647;
			files = (
				57D5EEF9B123C5957F3A9300 /* Pods_binding_of_isaac_databaseUITests.framework in Frameworks */,
			);
			runOnlyForDeploymentPostprocessing = 0;
		};
/* End PBXFrameworksBuildPhase section */

/* Begin PBXGroup section */
		163F1F9B1E07371D005BCDA9 = {
			isa = PBXGroup;
			children = (
				163F1FA61E07371E005BCDA9 /* binding-of-isaac-database */,
				163F1FBB1E07371E005BCDA9 /* binding-of-isaac-databaseTests */,
				163F1FC61E07371E005BCDA9 /* binding-of-isaac-databaseUITests */,
				163F1FA51E07371E005BCDA9 /* Products */,
				902883B308D91E660119DAAC /* Pods */,
				B252D45182EEC35C291BA099 /* Frameworks */,
			);
			sourceTree = "<group>";
		};
		163F1FA51E07371E005BCDA9 /* Products */ = {
			isa = PBXGroup;
			children = (
				163F1FA41E07371E005BCDA9 /* binding-of-isaac-database.app */,
				163F1FB81E07371E005BCDA9 /* binding-of-isaac-databaseTests.xctest */,
				163F1FC31E07371E005BCDA9 /* binding-of-isaac-databaseUITests.xctest */,
			);
			name = Products;
			sourceTree = "<group>";
		};
		163F1FA61E07371E005BCDA9 /* binding-of-isaac-database */ = {
			isa = PBXGroup;
			children = (
				163F1FA71E07371E005BCDA9 /* AppDelegate.swift */,
				16FB4FD81E0EDFB400219B63 /* Assets.xcassets */,
				168730541E09EEC4003745E9 /* DataSource.swift */,
				16E2527A1E0B5E6800108E27 /* Flow Layouts */,
				16E2527D1E0B5F1B00108E27 /* Helpers */,
				163F1FB31E07371E005BCDA9 /* Info.plist */,
				16F8DA1D1E09F1D600AAC94D /* JSON */,
				163F1FB01E07371E005BCDA9 /* LaunchScreen.storyboard */,
				168AA22E1E0B482C0034B3F3 /* Main.storyboard */,
				1649836D1E09E3F9000DA36F /* Models */,
				16E252731E0B4BAA00108E27 /* Protocols */,
				1649836C1E09E3F1000DA36F /* ViewControllers */,
				1649836B1E09E3EC000DA36F /* Views */,
			);
			path = "binding-of-isaac-database";
			sourceTree = "<group>";
		};
		163F1FBB1E07371E005BCDA9 /* binding-of-isaac-databaseTests */ = {
			isa = PBXGroup;
			children = (
				163F1FBC1E07371E005BCDA9 /* binding_of_isaac_databaseTests.swift */,
				163F1FBE1E07371E005BCDA9 /* Info.plist */,
			);
			path = "binding-of-isaac-databaseTests";
			sourceTree = "<group>";
		};
		163F1FC61E07371E005BCDA9 /* binding-of-isaac-databaseUITests */ = {
			isa = PBXGroup;
			children = (
				163F1FC71E07371E005BCDA9 /* binding_of_isaac_databaseUITests.swift */,
				163F1FC91E07371E005BCDA9 /* Info.plist */,
			);
			path = "binding-of-isaac-databaseUITests";
			sourceTree = "<group>";
		};
		1649836B1E09E3EC000DA36F /* Views */ = {
			isa = PBXGroup;
			children = (
				1618528D1E08DAF2004F6859 /* ItemCollectionViewCell.swift */,
				16E252711E0B4ACC00108E27 /* ItemCollectionViewCell.xib */,
				16E252761E0B4C6800108E27 /* ItemListCollectionViewCell.swift */,
				16E252781E0B4C7300108E27 /* ItemListCollectionViewCell.xib */,
			);
			name = Views;
			sourceTree = "<group>";
		};
		1649836C1E09E3F1000DA36F /* ViewControllers */ = {
			isa = PBXGroup;
			children = (
				164983691E09E324000DA36F /* ItemViewController.swift */,
				167611941E0F0F180091AA04 /* ItemDetailViewController.swift */,
				1682D3B81E13111E00878BE6 /* MenuTableViewController.swift */,
			);
			name = ViewControllers;
			sourceTree = "<group>";
		};
		1649836D1E09E3F9000DA36F /* Models */ = {
			isa = PBXGroup;
			children = (
				1649836E1E09E722000DA36F /* ItemModel.swift */,
				168730521E09E7FD003745E9 /* ItemCollection.swift */,
				162CDD0A1E136B3E00009505 /* MenuItem.swift */,
				162CDD0C1E136BF200009505 /* MenuItemCollection.swift */,
			);
			name = Models;
			sourceTree = "<group>";
		};
		16E252731E0B4BAA00108E27 /* Protocols */ = {
			isa = PBXGroup;
			children = (
				16E252741E0B4BC200108E27 /* CellInterface.swift */,
			);
			name = Protocols;
			sourceTree = "<group>";
		};
		16E2527A1E0B5E6800108E27 /* Flow Layouts */ = {
			isa = PBXGroup;
			children = (
				16E2527B1E0B5E7600108E27 /* ListFlowLayout.swift */,
				16E252811E0B611300108E27 /* GridFlowLayout.swift */,
			);
			name = "Flow Layouts";
			sourceTree = "<group>";
		};
		16E2527D1E0B5F1B00108E27 /* Helpers */ = {
			isa = PBXGroup;
			children = (
				16E2527E1E0B5F2700108E27 /* LayoutMachine.swift */,
				167611921E0EEE410091AA04 /* Helpers.swift */,
				166DB6E91E1467290060FAE2 /* Stylesheet.swift */,
			);
			name = Helpers;
			sourceTree = "<group>";
		};
		16F8DA1D1E09F1D600AAC94D /* JSON */ = {
			isa = PBXGroup;
			children = (
				16681CF91E15D828000F8AF1 /* Rebirth Items.json */,
			);
			name = JSON;
			sourceTree = "<group>";
		};
		902883B308D91E660119DAAC /* Pods */ = {
			isa = PBXGroup;
			children = (
				5EA583A07AB4FFFB274AC532 /* Pods-binding-of-isaac-database.debug.xcconfig */,
				3E1B36335ABABCA78FDFA315 /* Pods-binding-of-isaac-database.release.xcconfig */,
				267A079E28E881318E657DEB /* Pods-binding-of-isaac-databaseTests.debug.xcconfig */,
				CF15A6BDE4561788A0D48963 /* Pods-binding-of-isaac-databaseTests.release.xcconfig */,
				A9707E44F5880424B8EB9C1A /* Pods-binding-of-isaac-databaseUITests.debug.xcconfig */,
				ADDDFD978BFDC80E5AF60D55 /* Pods-binding-of-isaac-databaseUITests.release.xcconfig */,
			);
			name = Pods;
			sourceTree = "<group>";
		};
		B252D45182EEC35C291BA099 /* Frameworks */ = {
			isa = PBXGroup;
			children = (
				888A3B4CA98A75FAD3CB492A /* Pods_binding_of_isaac_database.framework */,
				34B8D305240D0443C3396A0F /* Pods_binding_of_isaac_databaseTests.framework */,
				2DDE24347B322D561C3564D0 /* Pods_binding_of_isaac_databaseUITests.framework */,
			);
			name = Frameworks;
			sourceTree = "<group>";
		};
/* End PBXGroup section */

/* Begin PBXNativeTarget section */
		163F1FA31E07371D005BCDA9 /* binding-of-isaac-database */ = {
			isa = PBXNativeTarget;
			buildConfigurationList = 163F1FCC1E07371E005BCDA9 /* Build configuration list for PBXNativeTarget "binding-of-isaac-database" */;
			buildPhases = (
				2BF6AFEC3F2EEE24C26902C9 /* [CP] Check Pods Manifest.lock */,
				163F1FA01E07371D005BCDA9 /* Sources */,
				163F1FA11E07371D005BCDA9 /* Frameworks */,
				163F1FA21E07371D005BCDA9 /* Resources */,
				7C7414A8FB1E44977D1F97F5 /* [CP] Embed Pods Frameworks */,
				2AB66D95CEA9A0C8FD10A691 /* [CP] Copy Pods Resources */,
			);
			buildRules = (
			);
			dependencies = (
			);
			name = "binding-of-isaac-database";
			productName = "binding-of-isaac-database";
			productReference = 163F1FA41E07371E005BCDA9 /* binding-of-isaac-database.app */;
			productType = "com.apple.product-type.application";
		};
		163F1FB71E07371E005BCDA9 /* binding-of-isaac-databaseTests */ = {
			isa = PBXNativeTarget;
			buildConfigurationList = 163F1FCF1E07371E005BCDA9 /* Build configuration list for PBXNativeTarget "binding-of-isaac-databaseTests" */;
			buildPhases = (
				035BD19E890D58D10FAF9681 /* [CP] Check Pods Manifest.lock */,
				163F1FB41E07371E005BCDA9 /* Sources */,
				163F1FB51E07371E005BCDA9 /* Frameworks */,
				163F1FB61E07371E005BCDA9 /* Resources */,
				16C44B16B780AFC3A3F89905 /* [CP] Embed Pods Frameworks */,
				0D6C8C58ECC521FCB93F1E73 /* [CP] Copy Pods Resources */,
			);
			buildRules = (
			);
			dependencies = (
				163F1FBA1E07371E005BCDA9 /* PBXTargetDependency */,
			);
			name = "binding-of-isaac-databaseTests";
			productName = "binding-of-isaac-databaseTests";
			productReference = 163F1FB81E07371E005BCDA9 /* binding-of-isaac-databaseTests.xctest */;
			productType = "com.apple.product-type.bundle.unit-test";
		};
		163F1FC21E07371E005BCDA9 /* binding-of-isaac-databaseUITests */ = {
			isa = PBXNativeTarget;
			buildConfigurationList = 163F1FD21E07371E005BCDA9 /* Build configuration list for PBXNativeTarget "binding-of-isaac-databaseUITests" */;
			buildPhases = (
				9E19BD08270A06340E471A20 /* [CP] Check Pods Manifest.lock */,
				163F1FBF1E07371E005BCDA9 /* Sources */,
				163F1FC01E07371E005BCDA9 /* Frameworks */,
				163F1FC11E07371E005BCDA9 /* Resources */,
				4389C48877FA6156F97A5349 /* [CP] Embed Pods Frameworks */,
				E860741B10645AE218EC739E /* [CP] Copy Pods Resources */,
			);
			buildRules = (
			);
			dependencies = (
				163F1FC51E07371E005BCDA9 /* PBXTargetDependency */,
			);
			name = "binding-of-isaac-databaseUITests";
			productName = "binding-of-isaac-databaseUITests";
			productReference = 163F1FC31E07371E005BCDA9 /* binding-of-isaac-databaseUITests.xctest */;
			productType = "com.apple.product-type.bundle.ui-testing";
		};
/* End PBXNativeTarget section */

/* Begin PBXProject section */
		163F1F9C1E07371D005BCDA9 /* Project object */ = {
			isa = PBXProject;
			attributes = {
				LastSwiftUpdateCheck = 0820;
				LastUpgradeCheck = 0820;
				ORGANIZATIONNAME = "Craig Holliday";
				TargetAttributes = {
					163F1FA31E07371D005BCDA9 = {
						CreatedOnToolsVersion = 8.2;
						DevelopmentTeam = 6MS9QWALYV;
						ProvisioningStyle = Automatic;
					};
					163F1FB71E07371E005BCDA9 = {
						CreatedOnToolsVersion = 8.2;
						DevelopmentTeam = 6MS9QWALYV;
						ProvisioningStyle = Automatic;
						TestTargetID = 163F1FA31E07371D005BCDA9;
					};
					163F1FC21E07371E005BCDA9 = {
						CreatedOnToolsVersion = 8.2;
						DevelopmentTeam = 6MS9QWALYV;
						ProvisioningStyle = Automatic;
						TestTargetID = 163F1FA31E07371D005BCDA9;
					};
				};
			};
			buildConfigurationList = 163F1F9F1E07371D005BCDA9 /* Build configuration list for PBXProject "binding-of-isaac-database" */;
			compatibilityVersion = "Xcode 3.2";
			developmentRegion = English;
			hasScannedForEncodings = 0;
			knownRegions = (
				en,
				Base,
			);
			mainGroup = 163F1F9B1E07371D005BCDA9;
			productRefGroup = 163F1FA51E07371E005BCDA9 /* Products */;
			projectDirPath = "";
			projectRoot = "";
			targets = (
				163F1FA31E07371D005BCDA9 /* binding-of-isaac-database */,
				163F1FB71E07371E005BCDA9 /* binding-of-isaac-databaseTests */,
				163F1FC21E07371E005BCDA9 /* binding-of-isaac-databaseUITests */,
			);
		};
/* End PBXProject section */

/* Begin PBXResourcesBuildPhase section */
		163F1FA21E07371D005BCDA9 /* Resources */ = {
			isa = PBXResourcesBuildPhase;
			buildActionMask = 2147483647;
			files = (
				16681CFA1E15D828000F8AF1 /* Rebirth Items.json in Resources */,
				16E252791E0B4C7300108E27 /* ItemListCollectionViewCell.xib in Resources */,
				163F1FB21E07371E005BCDA9 /* LaunchScreen.storyboard in Resources */,
				16E252721E0B4ACC00108E27 /* ItemCollectionViewCell.xib in Resources */,
				16FB4FD91E0EDFB400219B63 /* Assets.xcassets in Resources */,
				168AA22F1E0B482C0034B3F3 /* Main.storyboard in Resources */,
			);
			runOnlyForDeploymentPostprocessing = 0;
		};
		163F1FB61E07371E005BCDA9 /* Resources */ = {
			isa = PBXResourcesBuildPhase;
			buildActionMask = 2147483647;
			files = (
			);
			runOnlyForDeploymentPostprocessing = 0;
		};
		163F1FC11E07371E005BCDA9 /* Resources */ = {
			isa = PBXResourcesBuildPhase;
			buildActionMask = 2147483647;
			files = (
			);
			runOnlyForDeploymentPostprocessing = 0;
		};
/* End PBXResourcesBuildPhase section */

/* Begin PBXShellScriptBuildPhase section */
		035BD19E890D58D10FAF9681 /* [CP] Check Pods Manifest.lock */ = {
			isa = PBXShellScriptBuildPhase;
			buildActionMask = 2147483647;
			files = (
			);
			inputPaths = (
			);
			name = "[CP] Check Pods Manifest.lock";
			outputPaths = (
			);
			runOnlyForDeploymentPostprocessing = 0;
			shellPath = /bin/sh;
			shellScript = "diff \"${PODS_ROOT}/../Podfile.lock\" \"${PODS_ROOT}/Manifest.lock\" > /dev/null\nif [ $? != 0 ] ; then\n    # print error to STDERR\n    echo \"error: The sandbox is not in sync with the Podfile.lock. Run 'pod install' or update your CocoaPods installation.\" >&2\n    exit 1\nfi\n";
			showEnvVarsInLog = 0;
		};
		0D6C8C58ECC521FCB93F1E73 /* [CP] Copy Pods Resources */ = {
			isa = PBXShellScriptBuildPhase;
			buildActionMask = 2147483647;
			files = (
			);
			inputPaths = (
			);
			name = "[CP] Copy Pods Resources";
			outputPaths = (
			);
			runOnlyForDeploymentPostprocessing = 0;
			shellPath = /bin/sh;
			shellScript = "\"${SRCROOT}/Pods/Target Support Files/Pods-binding-of-isaac-databaseTests/Pods-binding-of-isaac-databaseTests-resources.sh\"\n";
			showEnvVarsInLog = 0;
		};
		16C44B16B780AFC3A3F89905 /* [CP] Embed Pods Frameworks */ = {
			isa = PBXShellScriptBuildPhase;
			buildActionMask = 2147483647;
			files = (
			);
			inputPaths = (
			);
			name = "[CP] Embed Pods Frameworks";
			outputPaths = (
			);
			runOnlyForDeploymentPostprocessing = 0;
			shellPath = /bin/sh;
			shellScript = "\"${SRCROOT}/Pods/Target Support Files/Pods-binding-of-isaac-databaseTests/Pods-binding-of-isaac-databaseTests-frameworks.sh\"\n";
			showEnvVarsInLog = 0;
		};
		2AB66D95CEA9A0C8FD10A691 /* [CP] Copy Pods Resources */ = {
			isa = PBXShellScriptBuildPhase;
			buildActionMask = 2147483647;
			files = (
			);
			inputPaths = (
			);
			name = "[CP] Copy Pods Resources";
			outputPaths = (
			);
			runOnlyForDeploymentPostprocessing = 0;
			shellPath = /bin/sh;
			shellScript = "\"${SRCROOT}/Pods/Target Support Files/Pods-binding-of-isaac-database/Pods-binding-of-isaac-database-resources.sh\"\n";
			showEnvVarsInLog = 0;
		};
		2BF6AFEC3F2EEE24C26902C9 /* [CP] Check Pods Manifest.lock */ = {
			isa = PBXShellScriptBuildPhase;
			buildActionMask = 2147483647;
			files = (
			);
			inputPaths = (
			);
			name = "[CP] Check Pods Manifest.lock";
			outputPaths = (
			);
			runOnlyForDeploymentPostprocessing = 0;
			shellPath = /bin/sh;
			shellScript = "diff \"${PODS_ROOT}/../Podfile.lock\" \"${PODS_ROOT}/Manifest.lock\" > /dev/null\nif [ $? != 0 ] ; then\n    # print error to STDERR\n    echo \"error: The sandbox is not in sync with the Podfile.lock. Run 'pod install' or update your CocoaPods installation.\" >&2\n    exit 1\nfi\n";
			showEnvVarsInLog = 0;
		};
		4389C48877FA6156F97A5349 /* [CP] Embed Pods Frameworks */ = {
			isa = PBXShellScriptBuildPhase;
			buildActionMask = 2147483647;
			files = (
			);
			inputPaths = (
			);
			name = "[CP] Embed Pods Frameworks";
			outputPaths = (
			);
			runOnlyForDeploymentPostprocessing = 0;
			shellPath = /bin/sh;
			shellScript = "\"${SRCROOT}/Pods/Target Support Files/Pods-binding-of-isaac-databaseUITests/Pods-binding-of-isaac-databaseUITests-frameworks.sh\"\n";
			showEnvVarsInLog = 0;
		};
		7C7414A8FB1E44977D1F97F5 /* [CP] Embed Pods Frameworks */ = {
			isa = PBXShellScriptBuildPhase;
			buildActionMask = 2147483647;
			files = (
			);
			inputPaths = (
			);
			name = "[CP] Embed Pods Frameworks";
			outputPaths = (
			);
			runOnlyForDeploymentPostprocessing = 0;
			shellPath = /bin/sh;
			shellScript = "\"${SRCROOT}/Pods/Target Support Files/Pods-binding-of-isaac-database/Pods-binding-of-isaac-database-frameworks.sh\"\n";
			showEnvVarsInLog = 0;
		};
		9E19BD08270A06340E471A20 /* [CP] Check Pods Manifest.lock */ = {
			isa = PBXShellScriptBuildPhase;
			buildActionMask = 2147483647;
			files = (
			);
			inputPaths = (
			);
			name = "[CP] Check Pods Manifest.lock";
			outputPaths = (
			);
			runOnlyForDeploymentPostprocessing = 0;
			shellPath = /bin/sh;
			shellScript = "diff \"${PODS_ROOT}/../Podfile.lock\" \"${PODS_ROOT}/Manifest.lock\" > /dev/null\nif [ $? != 0 ] ; then\n    # print error to STDERR\n    echo \"error: The sandbox is not in sync with the Podfile.lock. Run 'pod install' or update your CocoaPods installation.\" >&2\n    exit 1\nfi\n";
			showEnvVarsInLog = 0;
		};
		E860741B10645AE218EC739E /* [CP] Copy Pods Resources */ = {
			isa = PBXShellScriptBuildPhase;
			buildActionMask = 2147483647;
			files = (
			);
			inputPaths = (
			);
			name = "[CP] Copy Pods Resources";
			outputPaths = (
			);
			runOnlyForDeploymentPostprocessing = 0;
			shellPath = /bin/sh;
			shellScript = "\"${SRCROOT}/Pods/Target Support Files/Pods-binding-of-isaac-databaseUITests/Pods-binding-of-isaac-databaseUITests-resources.sh\"\n";
			showEnvVarsInLog = 0;
		};
/* End PBXShellScriptBuildPhase section */

/* Begin PBXSourcesBuildPhase section */
		163F1FA01E07371D005BCDA9 /* Sources */ = {
			isa = PBXSourcesBuildPhase;
			buildActionMask = 2147483647;
			files = (
				168730551E09EEC4003745E9 /* DataSource.swift in Sources */,
				168730531E09E7FD003745E9 /* ItemCollection.swift in Sources */,
				1649836F1E09E722000DA36F /* ItemModel.swift in Sources */,
				162CDD0D1E136BF200009505 /* MenuItemCollection.swift in Sources */,
				16E252821E0B611300108E27 /* GridFlowLayout.swift in Sources */,
				1618528E1E08DAF2004F6859 /* ItemCollectionViewCell.swift in Sources */,
				16E2527C1E0B5E7600108E27 /* ListFlowLayout.swift in Sources */,
				16E252771E0B4C6800108E27 /* ItemListCollectionViewCell.swift in Sources */,
				163F1FA81E07371E005BCDA9 /* AppDelegate.swift in Sources */,
				1682D3B91E13111E00878BE6 /* MenuTableViewController.swift in Sources */,
				162CDD0B1E136B3E00009505 /* MenuItem.swift in Sources */,
				1649836A1E09E324000DA36F /* ItemViewController.swift in Sources */,
				167611931E0EEE410091AA04 /* Helpers.swift in Sources */,
				167611951E0F0F180091AA04 /* ItemDetailViewController.swift in Sources */,
				166DB6EA1E1467290060FAE2 /* Stylesheet.swift in Sources */,
				16E252751E0B4BC200108E27 /* CellInterface.swift in Sources */,
				16E2527F1E0B5F2700108E27 /* LayoutMachine.swift in Sources */,
			);
			runOnlyForDeploymentPostprocessing = 0;
		};
		163F1FB41E07371E005BCDA9 /* Sources */ = {
			isa = PBXSourcesBuildPhase;
			buildActionMask = 2147483647;
			files = (
				163F1FBD1E07371E005BCDA9 /* binding_of_isaac_databaseTests.swift in Sources */,
			);
			runOnlyForDeploymentPostprocessing = 0;
		};
		163F1FBF1E07371E005BCDA9 /* Sources */ = {
			isa = PBXSourcesBuildPhase;
			buildActionMask = 2147483647;
			files = (
				163F1FC81E07371E005BCDA9 /* binding_of_isaac_databaseUITests.swift in Sources */,
			);
			runOnlyForDeploymentPostprocessing = 0;
		};
/* End PBXSourcesBuildPhase section */

/* Begin PBXTargetDependency section */
		163F1FBA1E07371E005BCDA9 /* PBXTargetDependency */ = {
			isa = PBXTargetDependency;
			target = 163F1FA31E07371D005BCDA9 /* binding-of-isaac-database */;
			targetProxy = 163F1FB91E07371E005BCDA9 /* PBXContainerItemProxy */;
		};
		163F1FC51E07371E005BCDA9 /* PBXTargetDependency */ = {
			isa = PBXTargetDependency;
			target = 163F1FA31E07371D005BCDA9 /* binding-of-isaac-database */;
			targetProxy = 163F1FC41E07371E005BCDA9 /* PBXContainerItemProxy */;
		};
/* End PBXTargetDependency section */

/* Begin PBXVariantGroup section */
		163F1FB01E07371E005BCDA9 /* LaunchScreen.storyboard */ = {
			isa = PBXVariantGroup;
			children = (
				163F1FB11E07371E005BCDA9 /* Base */,
			);
			name = LaunchScreen.storyboard;
			sourceTree = "<group>";
		};
/* End PBXVariantGroup section */

/* Begin XCBuildConfiguration section */
		163F1FCA1E07371E005BCDA9 /* Debug */ = {
			isa = XCBuildConfiguration;
			buildSettings = {
				ALWAYS_SEARCH_USER_PATHS = NO;
				CLANG_ANALYZER_NONNULL = YES;
				CLANG_CXX_LANGUAGE_STANDARD = "gnu++0x";
				CLANG_CXX_LIBRARY = "libc++";
				CLANG_ENABLE_MODULES = YES;
				CLANG_ENABLE_OBJC_ARC = YES;
				CLANG_WARN_BOOL_CONVERSION = YES;
				CLANG_WARN_CONSTANT_CONVERSION = YES;
				CLANG_WARN_DIRECT_OBJC_ISA_USAGE = YES_ERROR;
				CLANG_WARN_DOCUMENTATION_COMMENTS = YES;
				CLANG_WARN_EMPTY_BODY = YES;
				CLANG_WARN_ENUM_CONVERSION = YES;
				CLANG_WARN_INFINITE_RECURSION = YES;
				CLANG_WARN_INT_CONVERSION = YES;
				CLANG_WARN_OBJC_ROOT_CLASS = YES_ERROR;
				CLANG_WARN_SUSPICIOUS_MOVE = YES;
				CLANG_WARN_UNREACHABLE_CODE = YES;
				CLANG_WARN__DUPLICATE_METHOD_MATCH = YES;
				"CODE_SIGN_IDENTITY[sdk=iphoneos*]" = "iPhone Developer";
				COPY_PHASE_STRIP = NO;
				DEBUG_INFORMATION_FORMAT = dwarf;
				ENABLE_STRICT_OBJC_MSGSEND = YES;
				ENABLE_TESTABILITY = YES;
				GCC_C_LANGUAGE_STANDARD = gnu99;
				GCC_DYNAMIC_NO_PIC = NO;
				GCC_NO_COMMON_BLOCKS = YES;
				GCC_OPTIMIZATION_LEVEL = 0;
				GCC_PREPROCESSOR_DEFINITIONS = (
					"DEBUG=1",
					"$(inherited)",
				);
				GCC_WARN_64_TO_32_BIT_CONVERSION = YES;
				GCC_WARN_ABOUT_RETURN_TYPE = YES_ERROR;
				GCC_WARN_UNDECLARED_SELECTOR = YES;
				GCC_WARN_UNINITIALIZED_AUTOS = YES_AGGRESSIVE;
				GCC_WARN_UNUSED_FUNCTION = YES;
				GCC_WARN_UNUSED_VARIABLE = YES;
				IPHONEOS_DEPLOYMENT_TARGET = 10.2;
				MTL_ENABLE_DEBUG_INFO = YES;
				ONLY_ACTIVE_ARCH = YES;
				SDKROOT = iphoneos;
				SWIFT_ACTIVE_COMPILATION_CONDITIONS = DEBUG;
				SWIFT_OPTIMIZATION_LEVEL = "-Onone";
				TARGETED_DEVICE_FAMILY = "1,2";
			};
			name = Debug;
		};
		163F1FCB1E07371E005BCDA9 /* Release */ = {
			isa = XCBuildConfiguration;
			buildSettings = {
				ALWAYS_SEARCH_USER_PATHS = NO;
				CLANG_ANALYZER_NONNULL = YES;
				CLANG_CXX_LANGUAGE_STANDARD = "gnu++0x";
				CLANG_CXX_LIBRARY = "libc++";
				CLANG_ENABLE_MODULES = YES;
				CLANG_ENABLE_OBJC_ARC = YES;
				CLANG_WARN_BOOL_CONVERSION = YES;
				CLANG_WARN_CONSTANT_CONVERSION = YES;
				CLANG_WARN_DIRECT_OBJC_ISA_USAGE = YES_ERROR;
				CLANG_WARN_DOCUMENTATION_COMMENTS = YES;
				CLANG_WARN_EMPTY_BODY = YES;
				CLANG_WARN_ENUM_CONVERSION = YES;
				CLANG_WARN_INFINITE_RECURSION = YES;
				CLANG_WARN_INT_CONVERSION = YES;
				CLANG_WARN_OBJC_ROOT_CLASS = YES_ERROR;
				CLANG_WARN_SUSPICIOUS_MOVE = YES;
				CLANG_WARN_UNREACHABLE_CODE = YES;
				CLANG_WARN__DUPLICATE_METHOD_MATCH = YES;
				"CODE_SIGN_IDENTITY[sdk=iphoneos*]" = "iPhone Developer";
				COPY_PHASE_STRIP = NO;
				DEBUG_INFORMATION_FORMAT = "dwarf-with-dsym";
				ENABLE_NS_ASSERTIONS = NO;
				ENABLE_STRICT_OBJC_MSGSEND = YES;
				GCC_C_LANGUAGE_STANDARD = gnu99;
				GCC_NO_COMMON_BLOCKS = YES;
				GCC_WARN_64_TO_32_BIT_CONVERSION = YES;
				GCC_WARN_ABOUT_RETURN_TYPE = YES_ERROR;
				GCC_WARN_UNDECLARED_SELECTOR = YES;
				GCC_WARN_UNINITIALIZED_AUTOS = YES_AGGRESSIVE;
				GCC_WARN_UNUSED_FUNCTION = YES;
				GCC_WARN_UNUSED_VARIABLE = YES;
				IPHONEOS_DEPLOYMENT_TARGET = 10.2;
				MTL_ENABLE_DEBUG_INFO = NO;
				SDKROOT = iphoneos;
				SWIFT_OPTIMIZATION_LEVEL = "-Owholemodule";
				TARGETED_DEVICE_FAMILY = "1,2";
				VALIDATE_PRODUCT = YES;
			};
			name = Release;
		};
		163F1FCD1E07371E005BCDA9 /* Debug */ = {
			isa = XCBuildConfiguration;
			baseConfigurationReference = 5EA583A07AB4FFFB274AC532 /* Pods-binding-of-isaac-database.debug.xcconfig */;
			buildSettings = {
				ASSETCATALOG_COMPILER_APPICON_NAME = AppIcon;
				DEVELOPMENT_TEAM = 6MS9QWALYV;
				INFOPLIST_FILE = "binding-of-isaac-database/Info.plist";
				LD_RUNPATH_SEARCH_PATHS = "$(inherited) @executable_path/Frameworks";
				PRODUCT_BUNDLE_IDENTIFIER = "craig.binding-of-isaac-database";
				PRODUCT_NAME = "$(TARGET_NAME)";
				SWIFT_VERSION = 3.0;
			};
			name = Debug;
		};
		163F1FCE1E07371E005BCDA9 /* Release */ = {
			isa = XCBuildConfiguration;
			baseConfigurationReference = 3E1B36335ABABCA78FDFA315 /* Pods-binding-of-isaac-database.release.xcconfig */;
			buildSettings = {
				ASSETCATALOG_COMPILER_APPICON_NAME = AppIcon;
				DEVELOPMENT_TEAM = 6MS9QWALYV;
				INFOPLIST_FILE = "binding-of-isaac-database/Info.plist";
				LD_RUNPATH_SEARCH_PATHS = "$(inherited) @executable_path/Frameworks";
				PRODUCT_BUNDLE_IDENTIFIER = "craig.binding-of-isaac-database";
				PRODUCT_NAME = "$(TARGET_NAME)";
				SWIFT_VERSION = 3.0;
			};
			name = Release;
		};
		163F1FD01E07371E005BCDA9 /* Debug */ = {
			isa = XCBuildConfiguration;
			baseConfigurationReference = 267A079E28E881318E657DEB /* Pods-binding-of-isaac-databaseTests.debug.xcconfig */;
			buildSettings = {
				ALWAYS_EMBED_SWIFT_STANDARD_LIBRARIES = YES;
				BUNDLE_LOADER = "$(TEST_HOST)";
				DEVELOPMENT_TEAM = 6MS9QWALYV;
				INFOPLIST_FILE = "binding-of-isaac-databaseTests/Info.plist";
				LD_RUNPATH_SEARCH_PATHS = "$(inherited) @executable_path/Frameworks @loader_path/Frameworks";
				PRODUCT_BUNDLE_IDENTIFIER = "craig.binding-of-isaac-databaseTests";
				PRODUCT_NAME = "$(TARGET_NAME)";
				SWIFT_VERSION = 3.0;
				TEST_HOST = "$(BUILT_PRODUCTS_DIR)/binding-of-isaac-database.app/binding-of-isaac-database";
			};
			name = Debug;
		};
		163F1FD11E07371E005BCDA9 /* Release */ = {
			isa = XCBuildConfiguration;
			baseConfigurationReference = CF15A6BDE4561788A0D48963 /* Pods-binding-of-isaac-databaseTests.release.xcconfig */;
			buildSettings = {
				ALWAYS_EMBED_SWIFT_STANDARD_LIBRARIES = YES;
				BUNDLE_LOADER = "$(TEST_HOST)";
				DEVELOPMENT_TEAM = 6MS9QWALYV;
				INFOPLIST_FILE = "binding-of-isaac-databaseTests/Info.plist";
				LD_RUNPATH_SEARCH_PATHS = "$(inherited) @executable_path/Frameworks @loader_path/Frameworks";
				PRODUCT_BUNDLE_IDENTIFIER = "craig.binding-of-isaac-databaseTests";
				PRODUCT_NAME = "$(TARGET_NAME)";
				SWIFT_VERSION = 3.0;
				TEST_HOST = "$(BUILT_PRODUCTS_DIR)/binding-of-isaac-database.app/binding-of-isaac-database";
			};
			name = Release;
		};
		163F1FD31E07371E005BCDA9 /* Debug */ = {
			isa = XCBuildConfiguration;
			baseConfigurationReference = A9707E44F5880424B8EB9C1A /* Pods-binding-of-isaac-databaseUITests.debug.xcconfig */;
			buildSettings = {
				ALWAYS_EMBED_SWIFT_STANDARD_LIBRARIES = YES;
				DEVELOPMENT_TEAM = 6MS9QWALYV;
				INFOPLIST_FILE = "binding-of-isaac-databaseUITests/Info.plist";
				LD_RUNPATH_SEARCH_PATHS = "$(inherited) @executable_path/Frameworks @loader_path/Frameworks";
				PRODUCT_BUNDLE_IDENTIFIER = "craig.binding-of-isaac-databaseUITests";
				PRODUCT_NAME = "$(TARGET_NAME)";
				SWIFT_VERSION = 3.0;
				TEST_TARGET_NAME = "binding-of-isaac-database";
			};
			name = Debug;
		};
		163F1FD41E07371E005BCDA9 /* Release */ = {
			isa = XCBuildConfiguration;
			baseConfigurationReference = ADDDFD978BFDC80E5AF60D55 /* Pods-binding-of-isaac-databaseUITests.release.xcconfig */;
			buildSettings = {
				ALWAYS_EMBED_SWIFT_STANDARD_LIBRARIES = YES;
				DEVELOPMENT_TEAM = 6MS9QWALYV;
				INFOPLIST_FILE = "binding-of-isaac-databaseUITests/Info.plist";
				LD_RUNPATH_SEARCH_PATHS = "$(inherited) @executable_path/Frameworks @loader_path/Frameworks";
				PRODUCT_BUNDLE_IDENTIFIER = "craig.binding-of-isaac-databaseUITests";
				PRODUCT_NAME = "$(TARGET_NAME)";
				SWIFT_VERSION = 3.0;
				TEST_TARGET_NAME = "binding-of-isaac-database";
			};
			name = Release;
		};
/* End XCBuildConfiguration section */

/* Begin XCConfigurationList section */
		163F1F9F1E07371D005BCDA9 /* Build configuration list for PBXProject "binding-of-isaac-database" */ = {
			isa = XCConfigurationList;
			buildConfigurations = (
				163F1FCA1E07371E005BCDA9 /* Debug */,
				163F1FCB1E07371E005BCDA9 /* Release */,
			);
			defaultConfigurationIsVisible = 0;
			defaultConfigurationName = Release;
		};
		163F1FCC1E07371E005BCDA9 /* Build configuration list for PBXNativeTarget "binding-of-isaac-database" */ = {
			isa = XCConfigurationList;
			buildConfigurations = (
				163F1FCD1E07371E005BCDA9 /* Debug */,
				163F1FCE1E07371E005BCDA9 /* Release */,
			);
			defaultConfigurationIsVisible = 0;
			defaultConfigurationName = Release;
		};
		163F1FCF1E07371E005BCDA9 /* Build configuration list for PBXNativeTarget "binding-of-isaac-databaseTests" */ = {
			isa = XCConfigurationList;
			buildConfigurations = (
				163F1FD01E07371E005BCDA9 /* Debug */,
				163F1FD11E07371E005BCDA9 /* Release */,
			);
			defaultConfigurationIsVisible = 0;
			defaultConfigurationName = Release;
		};
		163F1FD21E07371E005BCDA9 /* Build configuration list for PBXNativeTarget "binding-of-isaac-databaseUITests" */ = {
			isa = XCConfigurationList;
			buildConfigurations = (
				163F1FD31E07371E005BCDA9 /* Debug */,
				163F1FD41E07371E005BCDA9 /* Release */,
			);
			defaultConfigurationIsVisible = 0;
			defaultConfigurationName = Release;
		};
/* End XCConfigurationList section */
	};
	rootObject = 163F1F9C1E07371D005BCDA9 /* Project object */;
}
